
Microsoft Visual Studio Solution File, Format Version 12.00
# Visual Studio Version 17
VisualStudioVersion = 17.6.33815.320
MinimumVisualStudioVersion = 10.0.40219.1
Project("{9A19103F-16F7-4668-BE54-9A1E7A4F7556}") = "TemperatureChecker", "MotoApp\TemperatureChecker.csproj", "{35C2FBEE-D3A5-48C8-8028-2520C03C1A90}"
EndProject
Global
	GlobalSection(SolutionConfigurationPlatforms) = preSolution
		Debug|Any CPU = Debug|Any CPU
		Release|Any CPU = Release|Any CPU
	EndGlobalSection
	GlobalSection(ProjectConfigurationPlatforms) = postSolution
		{35C2FBEE-D3A5-48C8-8028-2520C03C1A90}.Debug|Any CPU.ActiveCfg = Debug|Any CPU
		{35C2FBEE-D3A5-48C8-8028-2520C03C1A90}.Debug|Any CPU.Build.0 = Debug|Any CPU
		{35C2FBEE-D3A5-48C8-8028-2520C03C1A90}.Release|Any CPU.ActiveCfg = Release|Any CPU
		{35C2FBEE-D3A5-48C8-8028-2520C03C1A90}.Release|Any CPU.Build.0 = Release|Any CPU
	EndGlobalSection
	GlobalSection(SolutionProperties) = preSolution
		HideSolutionNode = FALSE
	EndGlobalSection
	GlobalSection(ExtensibilityGlobals) = postSolution
		SolutionGuid = {4AFB15E7-C7E0-4A47-AB46-CEB72A83F2D0}
	EndGlobalSection
EndGlobal
